
Microsoft Visual Studio Solution File, Format Version 12.00
# Visual Studio Version 16
VisualStudioVersion = 16.0.30503.244
MinimumVisualStudioVersion = 10.0.40219.1
Project("{FAE04EC0-301F-11D3-BF4B-00C04F79EFBC}") = "Day10Demo", "Day10Demo\Day10Demo.csproj", "{0D1BE101-A0F1-466A-9AC9-42EBD83EE533}"
EndProject
Global
	GlobalSection(SolutionConfigurationPlatforms) = preSolution
		Debug|Any CPU = Debug|Any CPU
		Release|Any CPU = Release|Any CPU
	EndGlobalSection
	GlobalSection(ProjectConfigurationPlatforms) = postSolution
		{0D1BE101-A0F1-466A-9AC9-42EBD83EE533}.Debug|Any CPU.ActiveCfg = Debug|Any CPU
		{0D1BE101-A0F1-466A-9AC9-42EBD83EE533}.Debug|Any CPU.Build.0 = Debug|Any CPU
		{0D1BE101-A0F1-466A-9AC9-42EBD83EE533}.Release|Any CPU.ActiveCfg = Release|Any CPU
		{0D1BE101-A0F1-466A-9AC9-42EBD83EE533}.Release|Any CPU.Build.0 = Release|Any CPU
	EndGlobalSection
	GlobalSection(SolutionProperties) = preSolution
		HideSolutionNode = FALSE
	EndGlobalSection
	GlobalSection(ExtensibilityGlobals) = postSolution
		SolutionGuid = {D536A660-D661-4BBA-94A2-98581558D348}
	EndGlobalSection
EndGlobal
